
Microsoft Visual Studio Solution File, Format Version 12.00
# Visual Studio Version 16
VisualStudioVersion = 16.0.29102.190
MinimumVisualStudioVersion = 10.0.40219.1
Project("{9A19103F-16F7-4668-BE54-9A1E7A4F7556}") = "Hanback_API", "Hanback_API\Hanback_API.csproj", "{AE4965F7-BBB2-4767-9B57-19E3C6C96EA9}"
EndProject
Project("{9A19103F-16F7-4668-BE54-9A1E7A4F7556}") = "Hanback.Service", "Hanback.Service\Hanback.Service.csproj", "{DBD0C75B-BB78-4E33-A2A5-50A6694F2D77}"
EndProject
Project("{9A19103F-16F7-4668-BE54-9A1E7A4F7556}") = "Hanback.DAL", "Hanback.DAL\Hanback.DAL.csproj", "{77DA5A30-60CC-4E87-BC50-E72E161306F6}"
EndProject
Project("{FAE04EC0-301F-11D3-BF4B-00C04F79EFBC}") = "Hanback.Lib", "Hanback.Lib\Hanback.Lib.csproj", "{C66BE69C-EADC-41E7-9F28-B8A408B0E4A2}"
EndProject
Global
	GlobalSection(SolutionConfigurationPlatforms) = preSolution
		Debug|Any CPU = Debug|Any CPU
		Release|Any CPU = Release|Any CPU
	EndGlobalSection
	GlobalSection(ProjectConfigurationPlatforms) = postSolution
		{AE4965F7-BBB2-4767-9B57-19E3C6C96EA9}.Debug|Any CPU.ActiveCfg = Debug|Any CPU
		{AE4965F7-BBB2-4767-9B57-19E3C6C96EA9}.Debug|Any CPU.Build.0 = Debug|Any CPU
		{AE4965F7-BBB2-4767-9B57-19E3C6C96EA9}.Release|Any CPU.ActiveCfg = Release|Any CPU
		{AE4965F7-BBB2-4767-9B57-19E3C6C96EA9}.Release|Any CPU.Build.0 = Release|Any CPU
		{DBD0C75B-BB78-4E33-A2A5-50A6694F2D77}.Debug|Any CPU.ActiveCfg = Debug|Any CPU
		{DBD0C75B-BB78-4E33-A2A5-50A6694F2D77}.Debug|Any CPU.Build.0 = Debug|Any CPU
		{DBD0C75B-BB78-4E33-A2A5-50A6694F2D77}.Release|Any CPU.ActiveCfg = Release|Any CPU
		{DBD0C75B-BB78-4E33-A2A5-50A6694F2D77}.Release|Any CPU.Build.0 = Release|Any CPU
		{77DA5A30-60CC-4E87-BC50-E72E161306F6}.Debug|Any CPU.ActiveCfg = Debug|Any CPU
		{77DA5A30-60CC-4E87-BC50-E72E161306F6}.Debug|Any CPU.Build.0 = Debug|Any CPU
		{77DA5A30-60CC-4E87-BC50-E72E161306F6}.Release|Any CPU.ActiveCfg = Release|Any CPU
		{77DA5A30-60CC-4E87-BC50-E72E161306F6}.Release|Any CPU.Build.0 = Release|Any CPU
		{C66BE69C-EADC-41E7-9F28-B8A408B0E4A2}.Debug|Any CPU.ActiveCfg = Debug|Any CPU
		{C66BE69C-EADC-41E7-9F28-B8A408B0E4A2}.Debug|Any CPU.Build.0 = Debug|Any CPU
		{C66BE69C-EADC-41E7-9F28-B8A408B0E4A2}.Release|Any CPU.ActiveCfg = Release|Any CPU
		{C66BE69C-EADC-41E7-9F28-B8A408B0E4A2}.Release|Any CPU.Build.0 = Release|Any CPU
	EndGlobalSection
	GlobalSection(SolutionProperties) = preSolution
		HideSolutionNode = FALSE
	EndGlobalSection
	GlobalSection(ExtensibilityGlobals) = postSolution
		SolutionGuid = {1084BFFB-DB94-426D-A251-37AD52D8FE7B}
	EndGlobalSection
EndGlobal
